// !$*UTF8*$!
{
	archiveVersion = 1;
	classes = {
	};
	objectVersion = 55;
	objects = {

/* Begin PBXBuildFile section */
		6FBC846226C4B41500D36D8E /* AppDelegate.swift in Sources */ = {isa = PBXBuildFile; fileRef = 6FBC846126C4B41500D36D8E /* AppDelegate.swift */; };
		6FBC846426C4B41500D36D8E /* SceneDelegate.swift in Sources */ = {isa = PBXBuildFile; fileRef = 6FBC846326C4B41500D36D8E /* SceneDelegate.swift */; };
		6FBC846626C4B41500D36D8E /* ViewController.swift in Sources */ = {isa = PBXBuildFile; fileRef = 6FBC846526C4B41500D36D8E /* ViewController.swift */; };
		6FBC846926C4B41500D36D8E /* Main.storyboard in Resources */ = {isa = PBXBuildFile; fileRef = 6FBC846726C4B41500D36D8E /* Main.storyboard */; };
		6FBC846C26C4B41500D36D8E /* swift_000_add_stuff_to_hello_world.xcdatamodeld in Sources */ = {isa = PBXBuildFile; fileRef = 6FBC846A26C4B41500D36D8E /* swift_000_add_stuff_to_hello_world.xcdatamodeld */; };
		6FBC846E26C4B41700D36D8E /* Assets.xcassets in Resources */ = {isa = PBXBuildFile; fileRef = 6FBC846D26C4B41700D36D8E /* Assets.xcassets */; };
		6FBC847126C4B41700D36D8E /* LaunchScreen.storyboard in Resources */ = {isa = PBXBuildFile; fileRef = 6FBC846F26C4B41700D36D8E /* LaunchScreen.storyboard */; };
		6FBC847C26C4B41700D36D8E /* swift_000_add_stuff_to_hello_worldTests.swift in Sources */ = {isa = PBXBuildFile; fileRef = 6FBC847B26C4B41700D36D8E /* swift_000_add_stuff_to_hello_worldTests.swift */; };
		6FBC848626C4B41800D36D8E /* swift_000_add_stuff_to_hello_worldUITests.swift in Sources */ = {isa = PBXBuildFile; fileRef = 6FBC848526C4B41800D36D8E /* swift_000_add_stuff_to_hello_worldUITests.swift */; };
/* End PBXBuildFile section */

/* Begin PBXContainerItemProxy section */
		6FBC847826C4B41700D36D8E /* PBXContainerItemProxy */ = {
			isa = PBXContainerItemProxy;
			containerPortal = 6FBC845626C4B41500D36D8E /* Project object */;
			proxyType = 1;
			remoteGlobalIDString = 6FBC845D26C4B41500D36D8E;
			remoteInfo = "swift-000-add_stuff_to_hello_world";
		};
		6FBC848226C4B41800D36D8E /* PBXContainerItemProxy */ = {
			isa = PBXContainerItemProxy;
			containerPortal = 6FBC845626C4B41500D36D8E /* Project object */;
			proxyType = 1;
			remoteGlobalIDString = 6FBC845D26C4B41500D36D8E;
			remoteInfo = "swift-000-add_stuff_to_hello_world";
		};
/* End PBXContainerItemProxy section */

/* Begin PBXFileReference section */
		6FBC845E26C4B41500D36D8E /* swift-000-add_stuff_to_hello_world.app */ = {isa = PBXFileReference; explicitFileType = wrapper.application; includeInIndex = 0; path = "swift-000-add_stuff_to_hello_world.app"; sourceTree = BUILT_PRODUCTS_DIR; };
		6FBC846126C4B41500D36D8E /* AppDelegate.swift */ = {isa = PBXFileReference; lastKnownFileType = sourcecode.swift; path = AppDelegate.swift; sourceTree = "<group>"; };
		6FBC846326C4B41500D36D8E /* SceneDelegate.swift */ = {isa = PBXFileReference; lastKnownFileType = sourcecode.swift; path = SceneDelegate.swift; sourceTree = "<group>"; };
		6FBC846526C4B41500D36D8E /* ViewController.swift */ = {isa = PBXFileReference; lastKnownFileType = sourcecode.swift; path = ViewController.swift; sourceTree = "<group>"; };
		6FBC846826C4B41500D36D8E /* Base */ = {isa = PBXFileReference; lastKnownFileType = file.storyboard; name = Base; path = Base.lproj/Main.storyboard; sourceTree = "<group>"; };
		6FBC846B26C4B41500D36D8E /* swift_000_add_stuff_to_hello_world.xcdatamodel */ = {isa = PBXFileReference; lastKnownFileType = wrapper.xcdatamodel; path = swift_000_add_stuff_to_hello_world.xcdatamodel; sourceTree = "<group>"; };
		6FBC846D26C4B41700D36D8E /* Assets.xcassets */ = {isa = PBXFileReference; lastKnownFileType = folder.assetcatalog; path = Assets.xcassets; sourceTree = "<group>"; };
		6FBC847026C4B41700D36D8E /* Base */ = {isa = PBXFileReference; lastKnownFileType = file.storyboard; name = Base; path = Base.lproj/LaunchScreen.storyboard; sourceTree = "<group>"; };
		6FBC847226C4B41700D36D8E /* Info.plist */ = {isa = PBXFileReference; lastKnownFileType = text.plist.xml; path = Info.plist; sourceTree = "<group>"; };
		6FBC847726C4B41700D36D8E /* swift-000-add_stuff_to_hello_worldTests.xctest */ = {isa = PBXFileReference; explicitFileType = wrapper.cfbundle; includeInIndex = 0; path = "swift-000-add_stuff_to_hello_worldTests.xctest"; sourceTree = BUILT_PRODUCTS_DIR; };
		6FBC847B26C4B41700D36D8E /* swift_000_add_stuff_to_hello_worldTests.swift */ = {isa = PBXFileReference; lastKnownFileType = sourcecode.swift; path = swift_000_add_stuff_to_hello_worldTests.swift; sourceTree = "<group>"; };
		6FBC848126C4B41800D36D8E /* swift-000-add_stuff_to_hello_worldUITests.xctest */ = {isa = PBXFileReference; explicitFileType = wrapper.cfbundle; includeInIndex = 0; path = "swift-000-add_stuff_to_hello_worldUITests.xctest"; sourceTree = BUILT_PRODUCTS_DIR; };
		6FBC848526C4B41800D36D8E /* swift_000_add_stuff_to_hello_worldUITests.swift */ = {isa = PBXFileReference; lastKnownFileType = sourcecode.swift; path = swift_000_add_stuff_to_hello_worldUITests.swift; sourceTree = "<group>"; };
/* End PBXFileReference section */

/* Begin PBXFrameworksBuildPhase section */
		6FBC845B26C4B41500D36D8E /* Frameworks */ = {
			isa = PBXFrameworksBuildPhase;
			buildActionMask = 2147483647;
			files = (
			);
			runOnlyForDeploymentPostprocessing = 0;
		};
		6FBC847426C4B41700D36D8E /* Frameworks */ = {
			isa = PBXFrameworksBuildPhase;
			buildActionMask = 2147483647;
			files = (
			);
			runOnlyForDeploymentPostprocessing = 0;
		};
		6FBC847E26C4B41800D36D8E /* Frameworks */ = {
			isa = PBXFrameworksBuildPhase;
			buildActionMask = 2147483647;
			files = (
			);
			runOnlyForDeploymentPostprocessing = 0;
		};
/* End PBXFrameworksBuildPhase section */

/* Begin PBXGroup section */
		6FBC845526C4B41500D36D8E = {
			isa = PBXGroup;
			children = (
				6FBC846026C4B41500D36D8E /* swift-000-add_stuff_to_hello_world */,
				6FBC847A26C4B41700D36D8E /* swift-000-add_stuff_to_hello_worldTests */,
				6FBC848426C4B41800D36D8E /* swift-000-add_stuff_to_hello_worldUITests */,
				6FBC845F26C4B41500D36D8E /* Products */,
			);
			sourceTree = "<group>";
		};
		6FBC845F26C4B41500D36D8E /* Products */ = {
			isa = PBXGroup;
			children = (
				6FBC845E26C4B41500D36D8E /* swift-000-add_stuff_to_hello_world.app */,
				6FBC847726C4B41700D36D8E /* swift-000-add_stuff_to_hello_worldTests.xctest */,
				6FBC848126C4B41800D36D8E /* swift-000-add_stuff_to_hello_worldUITests.xctest */,
			);
			name = Products;
			sourceTree = "<group>";
		};
		6FBC846026C4B41500D36D8E /* swift-000-add_stuff_to_hello_world */ = {
			isa = PBXGroup;
			children = (
				6FBC846126C4B41500D36D8E /* AppDelegate.swift */,
				6FBC846326C4B41500D36D8E /* SceneDelegate.swift */,
				6FBC846526C4B41500D36D8E /* ViewController.swift */,
				6FBC846726C4B41500D36D8E /* Main.storyboard */,
				6FBC846D26C4B41700D36D8E /* Assets.xcassets */,
				6FBC846F26C4B41700D36D8E /* LaunchScreen.storyboard */,
				6FBC847226C4B41700D36D8E /* Info.plist */,
				6FBC846A26C4B41500D36D8E /* swift_000_add_stuff_to_hello_world.xcdatamodeld */,
			);
			path = "swift-000-add_stuff_to_hello_world";
			sourceTree = "<group>";
		};
		6FBC847A26C4B41700D36D8E /* swift-000-add_stuff_to_hello_worldTests */ = {
			isa = PBXGroup;
			children = (
				6FBC847B26C4B41700D36D8E /* swift_000_add_stuff_to_hello_worldTests.swift */,
			);
			path = "swift-000-add_stuff_to_hello_worldTests";
			sourceTree = "<group>";
		};
		6FBC848426C4B41800D36D8E /* swift-000-add_stuff_to_hello_worldUITests */ = {
			isa = PBXGroup;
			children = (
				6FBC848526C4B41800D36D8E /* swift_000_add_stuff_to_hello_worldUITests.swift */,
			);
			path = "swift-000-add_stuff_to_hello_worldUITests";
			sourceTree = "<group>";
		};
/* End PBXGroup section */

/* Begin PBXNativeTarget section */
		6FBC845D26C4B41500D36D8E /* swift-000-add_stuff_to_hello_world */ = {
			isa = PBXNativeTarget;
			buildConfigurationList = 6FBC848926C4B41800D36D8E /* Build configuration list for PBXNativeTarget "swift-000-add_stuff_to_hello_world" */;
			buildPhases = (
				6FBC845A26C4B41500D36D8E /* Sources */,
				6FBC845B26C4B41500D36D8E /* Frameworks */,
				6FBC845C26C4B41500D36D8E /* Resources */,
			);
			buildRules = (
			);
			dependencies = (
			);
			name = "swift-000-add_stuff_to_hello_world";
			productName = "swift-000-add_stuff_to_hello_world";
			productReference = 6FBC845E26C4B41500D36D8E /* swift-000-add_stuff_to_hello_world.app */;
			productType = "com.apple.product-type.application";
		};
		6FBC847626C4B41700D36D8E /* swift-000-add_stuff_to_hello_worldTests */ = {
			isa = PBXNativeTarget;
			buildConfigurationList = 6FBC848C26C4B41800D36D8E /* Build configuration list for PBXNativeTarget "swift-000-add_stuff_to_hello_worldTests" */;
			buildPhases = (
				6FBC847326C4B41700D36D8E /* Sources */,
				6FBC847426C4B41700D36D8E /* Frameworks */,
				6FBC847526C4B41700D36D8E /* Resources */,
			);
			buildRules = (
			);
			dependencies = (
				6FBC847926C4B41700D36D8E /* PBXTargetDependency */,
			);
			name = "swift-000-add_stuff_to_hello_worldTests";
			productName = "swift-000-add_stuff_to_hello_worldTests";
			productReference = 6FBC847726C4B41700D36D8E /* swift-000-add_stuff_to_hello_worldTests.xctest */;
			productType = "com.apple.product-type.bundle.unit-test";
		};
		6FBC848026C4B41800D36D8E /* swift-000-add_stuff_to_hello_worldUITests */ = {
			isa = PBXNativeTarget;
			buildConfigurationList = 6FBC848F26C4B41800D36D8E /* Build configuration list for PBXNativeTarget "swift-000-add_stuff_to_hello_worldUITests" */;
			buildPhases = (
				6FBC847D26C4B41800D36D8E /* Sources */,
				6FBC847E26C4B41800D36D8E /* Frameworks */,
				6FBC847F26C4B41800D36D8E /* Resources */,
			);
			buildRules = (
			);
			dependencies = (
				6FBC848326C4B41800D36D8E /* PBXTargetDependency */,
			);
			name = "swift-000-add_stuff_to_hello_worldUITests";
			productName = "swift-000-add_stuff_to_hello_worldUITests";
			productReference = 6FBC848126C4B41800D36D8E /* swift-000-add_stuff_to_hello_worldUITests.xctest */;
			productType = "com.apple.product-type.bundle.ui-testing";
		};
/* End PBXNativeTarget section */

/* Begin PBXProject section */
		6FBC845626C4B41500D36D8E /* Project object */ = {
			isa = PBXProject;
			attributes = {
				BuildIndependentTargetsInParallel = 1;
				LastSwiftUpdateCheck = 1300;
				LastUpgradeCheck = 1300;
				TargetAttributes = {
					6FBC845D26C4B41500D36D8E = {
						CreatedOnToolsVersion = 13.0;
					};
					6FBC847626C4B41700D36D8E = {
						CreatedOnToolsVersion = 13.0;
						TestTargetID = 6FBC845D26C4B41500D36D8E;
					};
					6FBC848026C4B41800D36D8E = {
						CreatedOnToolsVersion = 13.0;
						TestTargetID = 6FBC845D26C4B41500D36D8E;
					};
				};
			};
			buildConfigurationList = 6FBC845926C4B41500D36D8E /* Build configuration list for PBXProject "swift-000-add_stuff_to_hello_world" */;
			compatibilityVersion = "Xcode 13.0";
			developmentRegion = en;
			hasScannedForEncodings = 0;
			knownRegions = (
				en,
				Base,
			);
			mainGroup = 6FBC845526C4B41500D36D8E;
			productRefGroup = 6FBC845F26C4B41500D36D8E /* Products */;
			projectDirPath = "";
			projectRoot = "";
			targets = (
				6FBC845D26C4B41500D36D8E /* swift-000-add_stuff_to_hello_world */,
				6FBC847626C4B41700D36D8E /* swift-000-add_stuff_to_hello_worldTests */,
				6FBC848026C4B41800D36D8E /* swift-000-add_stuff_to_hello_worldUITests */,
			);
		};
/* End PBXProject section */

/* Begin PBXResourcesBuildPhase section */
		6FBC845C26C4B41500D36D8E /* Resources */ = {
			isa = PBXResourcesBuildPhase;
			buildActionMask = 2147483647;
			files = (
				6FBC847126C4B41700D36D8E /* LaunchScreen.storyboard in Resources */,
				6FBC846E26C4B41700D36D8E /* Assets.xcassets in Resources */,
				6FBC846926C4B41500D36D8E /* Main.storyboard in Resources */,
			);
			runOnlyForDeploymentPostprocessing = 0;
		};
		6FBC847526C4B41700D36D8E /* Resources */ = {
			isa = PBXResourcesBuildPhase;
			buildActionMask = 2147483647;
			files = (
			);
			runOnlyForDeploymentPostprocessing = 0;
		};
		6FBC847F26C4B41800D36D8E /* Resources */ = {
			isa = PBXResourcesBuildPhase;
			buildActionMask = 2147483647;
			files = (
			);
			runOnlyForDeploymentPostprocessing = 0;
		};
/* End PBXResourcesBuildPhase section */

/* Begin PBXSourcesBuildPhase section */
		6FBC845A26C4B41500D36D8E /* Sources */ = {
			isa = PBXSourcesBuildPhase;
			buildActionMask = 2147483647;
			files = (
				6FBC846626C4B41500D36D8E /* ViewController.swift in Sources */,
				6FBC846226C4B41500D36D8E /* AppDelegate.swift in Sources */,
				6FBC846C26C4B41500D36D8E /* swift_000_add_stuff_to_hello_world.xcdatamodeld in Sources */,
				6FBC846426C4B41500D36D8E /* SceneDelegate.swift in Sources */,
			);
			runOnlyForDeploymentPostprocessing = 0;
		};
		6FBC847326C4B41700D36D8E /* Sources */ = {
			isa = PBXSourcesBuildPhase;
			buildActionMask = 2147483647;
			files = (
				6FBC847C26C4B41700D36D8E /* swift_000_add_stuff_to_hello_worldTests.swift in Sources */,
			);
			runOnlyForDeploymentPostprocessing = 0;
		};
		6FBC847D26C4B41800D36D8E /* Sources */ = {
			isa = PBXSourcesBuildPhase;
			buildActionMask = 2147483647;
			files = (
				6FBC848626C4B41800D36D8E /* swift_000_add_stuff_to_hello_worldUITests.swift in Sources */,
			);
			runOnlyForDeploymentPostprocessing = 0;
		};
/* End PBXSourcesBuildPhase section */

/* Begin PBXTargetDependency section */
		6FBC847926C4B41700D36D8E /* PBXTargetDependency */ = {
			isa = PBXTargetDependency;
			target = 6FBC845D26C4B41500D36D8E /* swift-000-add_stuff_to_hello_world */;
			targetProxy = 6FBC847826C4B41700D36D8E /* PBXContainerItemProxy */;
		};
		6FBC848326C4B41800D36D8E /* PBXTargetDependency */ = {
			isa = PBXTargetDependency;
			target = 6FBC845D26C4B41500D36D8E /* swift-000-add_stuff_to_hello_world */;
			targetProxy = 6FBC848226C4B41800D36D8E /* PBXContainerItemProxy */;
		};
/* End PBXTargetDependency section */

/* Begin PBXVariantGroup section */
		6FBC846726C4B41500D36D8E /* Main.storyboard */ = {
			isa = PBXVariantGroup;
			children = (
				6FBC846826C4B41500D36D8E /* Base */,
			);
			name = Main.storyboard;
			sourceTree = "<group>";
		};
		6FBC846F26C4B41700D36D8E /* LaunchScreen.storyboard */ = {
			isa = PBXVariantGroup;
			children = (
				6FBC847026C4B41700D36D8E /* Base */,
			);
			name = LaunchScreen.storyboard;
			sourceTree = "<group>";
		};
/* End PBXVariantGroup section */

/* Begin XCBuildConfiguration section */
		6FBC848726C4B41800D36D8E /* Debug */ = {
			isa = XCBuildConfiguration;
			buildSettings = {
				ALWAYS_SEARCH_USER_PATHS = NO;
				CLANG_ANALYZER_NONNULL = YES;
				CLANG_ANALYZER_NUMBER_OBJECT_CONVERSION = YES_AGGRESSIVE;
				CLANG_CXX_LANGUAGE_STANDARD = "gnu++14";
				CLANG_CXX_LIBRARY = "libc++";
				CLANG_ENABLE_MODULES = YES;
				CLANG_ENABLE_OBJC_ARC = YES;
				CLANG_ENABLE_OBJC_WEAK = YES;
				CLANG_WARN_BLOCK_CAPTURE_AUTORELEASING = YES;
				CLANG_WARN_BOOL_CONVERSION = YES;
				CLANG_WARN_COMMA = YES;
				CLANG_WARN_CONSTANT_CONVERSION = YES;
				CLANG_WARN_DEPRECATED_OBJC_IMPLEMENTATIONS = YES;
				CLANG_WARN_DIRECT_OBJC_ISA_USAGE = YES_ERROR;
				CLANG_WARN_DOCUMENTATION_COMMENTS = YES;
				CLANG_WARN_EMPTY_BODY = YES;
				CLANG_WARN_ENUM_CONVERSION = YES;
				CLANG_WARN_INFINITE_RECURSION = YES;
				CLANG_WARN_INT_CONVERSION = YES;
				CLANG_WARN_NON_LITERAL_NULL_CONVERSION = YES;
				CLANG_WARN_OBJC_IMPLICIT_RETAIN_SELF = YES;
				CLANG_WARN_OBJC_LITERAL_CONVERSION = YES;
				CLANG_WARN_OBJC_ROOT_CLASS = YES_ERROR;
				CLANG_WARN_QUOTED_INCLUDE_IN_FRAMEWORK_HEADER = YES;
				CLANG_WARN_RANGE_LOOP_ANALYSIS = YES;
				CLANG_WARN_STRICT_PROTOTYPES = YES;
				CLANG_WARN_SUSPICIOUS_MOVE = YES;
				CLANG_WARN_UNGUARDED_AVAILABILITY = YES_AGGRESSIVE;
				CLANG_WARN_UNREACHABLE_CODE = YES;
				CLANG_WARN__DUPLICATE_METHOD_MATCH = YES;
				COPY_PHASE_STRIP = NO;
				DEBUG_INFORMATION_FORMAT = dwarf;
				ENABLE_STRICT_OBJC_MSGSEND = YES;
				ENABLE_TESTABILITY = YES;
				GCC_C_LANGUAGE_STANDARD = gnu11;
				GCC_DYNAMIC_NO_PIC = NO;
				GCC_NO_COMMON_BLOCKS = YES;
				GCC_OPTIMIZATION_LEVEL = 0;
				GCC_PREPROCESSOR_DEFINITIONS = (
					"DEBUG=1",
					"$(inherited)",
				);
				GCC_WARN_64_TO_32_BIT_CONVERSION = YES;
				GCC_WARN_ABOUT_RETURN_TYPE = YES_ERROR;
				GCC_WARN_UNDECLARED_SELECTOR = YES;
				GCC_WARN_UNINITIALIZED_AUTOS = YES_AGGRESSIVE;
				GCC_WARN_UNUSED_FUNCTION = YES;
				GCC_WARN_UNUSED_VARIABLE = YES;
				IPHONEOS_DEPLOYMENT_TARGET = 15.0;
				MTL_ENABLE_DEBUG_INFO = INCLUDE_SOURCE;
				MTL_FAST_MATH = YES;
				ONLY_ACTIVE_ARCH = YES;
				SDKROOT = iphoneos;
				SWIFT_ACTIVE_COMPILATION_CONDITIONS = DEBUG;
				SWIFT_OPTIMIZATION_LEVEL = "-Onone";
			};
			name = Debug;
		};
		6FBC848826C4B41800D36D8E /* Release */ = {
			isa = XCBuildConfiguration;
			buildSettings = {
				ALWAYS_SEARCH_USER_PATHS = NO;
				CLANG_ANALYZER_NONNULL = YES;
				CLANG_ANALYZER_NUMBER_OBJECT_CONVERSION = YES_AGGRESSIVE;
				CLANG_CXX_LANGUAGE_STANDARD = "gnu++14";
				CLANG_CXX_LIBRARY = "libc++";
				CLANG_ENABLE_MODULES = YES;
				CLANG_ENABLE_OBJC_ARC = YES;
				CLANG_ENABLE_OBJC_WEAK = YES;
				CLANG_WARN_BLOCK_CAPTURE_AUTORELEASING = YES;
				CLANG_WARN_BOOL_CONVERSION = YES;
				CLANG_WARN_COMMA = YES;
				CLANG_WARN_CONSTANT_CONVERSION = YES;
				CLANG_WARN_DEPRECATED_OBJC_IMPLEMENTATIONS = YES;
				CLANG_WARN_DIRECT_OBJC_ISA_USAGE = YES_ERROR;
				CLANG_WARN_DOCUMENTATION_COMMENTS = YES;
				CLANG_WARN_EMPTY_BODY = YES;
				CLANG_WARN_ENUM_CONVERSION = YES;
				CLANG_WARN_INFINITE_RECURSION = YES;
				CLANG_WARN_INT_CONVERSION = YES;
				CLANG_WARN_NON_LITERAL_NULL_CONVERSION = YES;
				CLANG_WARN_OBJC_IMPLICIT_RETAIN_SELF = YES;
				CLANG_WARN_OBJC_LITERAL_CONVERSION = YES;
				CLANG_WARN_OBJC_ROOT_CLASS = YES_ERROR;
				CLANG_WARN_QUOTED_INCLUDE_IN_FRAMEWORK_HEADER = YES;
				CLANG_WARN_RANGE_LOOP_ANALYSIS = YES;
				CLANG_WARN_STRICT_PROTOTYPES = YES;
				CLANG_WARN_SUSPICIOUS_MOVE = YES;
				CLANG_WARN_UNGUARDED_AVAILABILITY = YES_AGGRESSIVE;
				CLANG_WARN_UNREACHABLE_CODE = YES;
				CLANG_WARN__DUPLICATE_METHOD_MATCH = YES;
				COPY_PHASE_STRIP = NO;
				DEBUG_INFORMATION_FORMAT = "dwarf-with-dsym";
				ENABLE_NS_ASSERTIONS = NO;
				ENABLE_STRICT_OBJC_MSGSEND = YES;
				GCC_C_LANGUAGE_STANDARD = gnu11;
				GCC_NO_COMMON_BLOCKS = YES;
				GCC_WARN_64_TO_32_BIT_CONVERSION = YES;
				GCC_WARN_ABOUT_RETURN_TYPE = YES_ERROR;
				GCC_WARN_UNDECLARED_SELECTOR = YES;
				GCC_WARN_UNINITIALIZED_AUTOS = YES_AGGRESSIVE;
				GCC_WARN_UNUSED_FUNCTION = YES;
				GCC_WARN_UNUSED_VARIABLE = YES;
				IPHONEOS_DEPLOYMENT_TARGET = 15.0;
				MTL_ENABLE_DEBUG_INFO = NO;
				MTL_FAST_MATH = YES;
				SDKROOT = iphoneos;
				SWIFT_COMPILATION_MODE = wholemodule;
				SWIFT_OPTIMIZATION_LEVEL = "-O";
				VALIDATE_PRODUCT = YES;
			};
			name = Release;
		};
		6FBC848A26C4B41800D36D8E /* Debug */ = {
			isa = XCBuildConfiguration;
			buildSettings = {
				ASSETCATALOG_COMPILER_APPICON_NAME = AppIcon;
				ASSETCATALOG_COMPILER_GLOBAL_ACCENT_COLOR_NAME = AccentColor;
				CODE_SIGN_STYLE = Automatic;
				CURRENT_PROJECT_VERSION = 1;
				DEVELOPMENT_TEAM = K328B98U3F;
				GENERATE_INFOPLIST_FILE = YES;
				INFOPLIST_FILE = "swift-000-add_stuff_to_hello_world/Info.plist";
				INFOPLIST_KEY_CFBundleDisplayName = "stuff-to-hello-world";
				INFOPLIST_KEY_CFBundleExecutable = "swift-000-add_stuff_to_hello_world";
				INFOPLIST_KEY_CFBundleName = "swift-000-add_stuff_to_hello_world";
				INFOPLIST_KEY_CFBundleVersion = 1;
				INFOPLIST_KEY_UIApplicationSupportsIndirectInputEvents = YES;
				INFOPLIST_KEY_UILaunchStoryboardName = LaunchScreen;
				INFOPLIST_KEY_UIMainStoryboardFile = Main;
				INFOPLIST_KEY_UISupportedInterfaceOrientations_iPad = "UIInterfaceOrientationPortrait UIInterfaceOrientationPortraitUpsideDown UIInterfaceOrientationLandscapeLeft UIInterfaceOrientationLandscapeRight";
				INFOPLIST_KEY_UISupportedInterfaceOrientations_iPhone = "UIInterfaceOrientationPortrait UIInterfaceOrientationLandscapeLeft UIInterfaceOrientationLandscapeRight";
				IPHONEOS_DEPLOYMENT_TARGET = 14.1;
				LD_RUNPATH_SEARCH_PATHS = (
					"$(inherited)",
					"@executable_path/Frameworks",
				);
				MARKETING_VERSION = 1.0;
				PRODUCT_BUNDLE_IDENTIFIER = "luizcarlos.sa.swift-000-add-stuff-to-hello-world";
				PRODUCT_NAME = "$(TARGET_NAME)";
				SWIFT_EMIT_LOC_STRINGS = YES;
				SWIFT_VERSION = 5.0;
				TARGETED_DEVICE_FAMILY = "1,2";
			};
			name = Debug;
		};
		6FBC848B26C4B41800D36D8E /* Release */ = {
			isa = XCBuildConfiguration;
			buildSettings = {
				ASSETCATALOG_COMPILER_APPICON_NAME = AppIcon;
				ASSETCATALOG_COMPILER_GLOBAL_ACCENT_COLOR_NAME = AccentColor;
				CODE_SIGN_STYLE = Automatic;
				CURRENT_PROJECT_VERSION = 1;
				DEVELOPMENT_TEAM = K328B98U3F;
				GENERATE_INFOPLIST_FILE = YES;
				INFOPLIST_FILE = "swift-000-add_stuff_to_hello_world/Info.plist";
				INFOPLIST_KEY_CFBundleDisplayName = "stuff-to-hello-world";
				INFOPLIST_KEY_CFBundleExecutable = "swift-000-add_stuff_to_hello_world";
				INFOPLIST_KEY_CFBundleName = "swift-000-add_stuff_to_hello_world";
				INFOPLIST_KEY_CFBundleVersion = 1;
				INFOPLIST_KEY_UIApplicationSupportsIndirectInputEvents = YES;
				INFOPLIST_KEY_UILaunchStoryboardName = LaunchScreen;
				INFOPLIST_KEY_UIMainStoryboardFile = Main;
				INFOPLIST_KEY_UISupportedInterfaceOrientations_iPad = "UIInterfaceOrientationPortrait UIInterfaceOrientationPortraitUpsideDown UIInterfaceOrientationLandscapeLeft UIInterfaceOrientationLandscapeRight";
				INFOPLIST_KEY_UISupportedInterfaceOrientations_iPhone = "UIInterfaceOrientationPortrait UIInterfaceOrientationLandscapeLeft UIInterfaceOrientationLandscapeRight";
				IPHONEOS_DEPLOYMENT_TARGET = 14.1;
				LD_RUNPATH_SEARCH_PATHS = (
					"$(inherited)",
					"@executable_path/Frameworks",
				);
				MARKETING_VERSION = 1.0;
				PRODUCT_BUNDLE_IDENTIFIER = "luizcarlos.sa.swift-000-add-stuff-to-hello-world";
				PRODUCT_NAME = "$(TARGET_NAME)";
				SWIFT_EMIT_LOC_STRINGS = YES;
				SWIFT_VERSION = 5.0;
				TARGETED_DEVICE_FAMILY = "1,2";
			};
			name = Release;
		};
		6FBC848D26C4B41800D36D8E /* Debug */ = {
			isa = XCBuildConfiguration;
			buildSettings = {
				ALWAYS_EMBED_SWIFT_STANDARD_LIBRARIES = YES;
				BUNDLE_LOADER = "$(TEST_HOST)";
				CODE_SIGN_STYLE = Automatic;
				CURRENT_PROJECT_VERSION = 1;
				DEVELOPMENT_TEAM = K328B98U3F;
				GENERATE_INFOPLIST_FILE = YES;
				IPHONEOS_DEPLOYMENT_TARGET = 15.0;
				LD_RUNPATH_SEARCH_PATHS = (
					"$(inherited)",
					"@executable_path/Frameworks",
					"@loader_path/Frameworks",
				);
				MARKETING_VERSION = 1.0;
				PRODUCT_BUNDLE_IDENTIFIER = "luizcarlos.sa.swift-000-add-stuff-to-hello-worldTests";
				PRODUCT_NAME = "$(TARGET_NAME)";
				SWIFT_EMIT_LOC_STRINGS = NO;
				SWIFT_VERSION = 5.0;
				TARGETED_DEVICE_FAMILY = "1,2";
				TEST_HOST = "$(BUILT_PRODUCTS_DIR)/swift-000-add_stuff_to_hello_world.app/swift-000-add_stuff_to_hello_world";
			};
			name = Debug;
		};
		6FBC848E26C4B41800D36D8E /* Release */ = {
			isa = XCBuildConfiguration;
			buildSettings = {
				ALWAYS_EMBED_SWIFT_STANDARD_LIBRARIES = YES;
				BUNDLE_LOADER = "$(TEST_HOST)";
				CODE_SIGN_STYLE = Automatic;
				CURRENT_PROJECT_VERSION = 1;
				DEVELOPMENT_TEAM = K328B98U3F;
				GENERATE_INFOPLIST_FILE = YES;
				IPHONEOS_DEPLOYMENT_TARGET = 15.0;
				LD_RUNPATH_SEARCH_PATHS = (
					"$(inherited)",
					"@executable_path/Frameworks",
					"@loader_path/Frameworks",
				);
				MARKETING_VERSION = 1.0;
				PRODUCT_BUNDLE_IDENTIFIER = "luizcarlos.sa.swift-000-add-stuff-to-hello-worldTests";
				PRODUCT_NAME = "$(TARGET_NAME)";
				SWIFT_EMIT_LOC_STRINGS = NO;
				SWIFT_VERSION = 5.0;
				TARGETED_DEVICE_FAMILY = "1,2";
				TEST_HOST = "$(BUILT_PRODUCTS_DIR)/swift-000-add_stuff_to_hello_world.app/swift-000-add_stuff_to_hello_world";
			};
			name = Release;
		};
		6FBC849026C4B41800D36D8E /* Debug */ = {
			isa = XCBuildConfiguration;
			buildSettings = {
				ALWAYS_EMBED_SWIFT_STANDARD_LIBRARIES = YES;
				CODE_SIGN_STYLE = Automatic;
				CURRENT_PROJECT_VERSION = 1;
				DEVELOPMENT_TEAM = K328B98U3F;
				GENERATE_INFOPLIST_FILE = YES;
				LD_RUNPATH_SEARCH_PATHS = (
					"$(inherited)",
					"@executable_path/Frameworks",
					"@loader_path/Frameworks",
				);
				MARKETING_VERSION = 1.0;
				PRODUCT_BUNDLE_IDENTIFIER = "luizcarlos.sa.swift-000-add-stuff-to-hello-worldUITests";
				PRODUCT_NAME = "$(TARGET_NAME)";
				SWIFT_EMIT_LOC_STRINGS = NO;
				SWIFT_VERSION = 5.0;
				TARGETED_DEVICE_FAMILY = "1,2";
				TEST_TARGET_NAME = "swift-000-add_stuff_to_hello_world";
			};
			name = Debug;
		};
		6FBC849126C4B41800D36D8E /* Release */ = {
			isa = XCBuildConfiguration;
			buildSettings = {
				ALWAYS_EMBED_SWIFT_STANDARD_LIBRARIES = YES;
				CODE_SIGN_STYLE = Automatic;
				CURRENT_PROJECT_VERSION = 1;
				DEVELOPMENT_TEAM = K328B98U3F;
				GENERATE_INFOPLIST_FILE = YES;
				LD_RUNPATH_SEARCH_PATHS = (
					"$(inherited)",
					"@executable_path/Frameworks",
					"@loader_path/Frameworks",
				);
				MARKETING_VERSION = 1.0;
				PRODUCT_BUNDLE_IDENTIFIER = "luizcarlos.sa.swift-000-add-stuff-to-hello-worldUITests";
				PRODUCT_NAME = "$(TARGET_NAME)";
				SWIFT_EMIT_LOC_STRINGS = NO;
				SWIFT_VERSION = 5.0;
				TARGETED_DEVICE_FAMILY = "1,2";
				TEST_TARGET_NAME = "swift-000-add_stuff_to_hello_world";
			};
			name = Release;
		};
/* End XCBuildConfiguration section */

/* Begin XCConfigurationList section */
		6FBC845926C4B41500D36D8E /* Build configuration list for PBXProject "swift-000-add_stuff_to_hello_world" */ = {
			isa = XCConfigurationList;
			buildConfigurations = (
				6FBC848726C4B41800D36D8E /* Debug */,
				6FBC848826C4B41800D36D8E /* Release */,
			);
			defaultConfigurationIsVisible = 0;
			defaultConfigurationName = Release;
		};
		6FBC848926C4B41800D36D8E /* Build configuration list for PBXNativeTarget "swift-000-add_stuff_to_hello_world" */ = {
			isa = XCConfigurationList;
			buildConfigurations = (
				6FBC848A26C4B41800D36D8E /* Debug */,
				6FBC848B26C4B41800D36D8E /* Release */,
			);
			defaultConfigurationIsVisible = 0;
			defaultConfigurationName = Release;
		};
		6FBC848C26C4B41800D36D8E /* Build configuration list for PBXNativeTarget "swift-000-add_stuff_to_hello_worldTests" */ = {
			isa = XCConfigurationList;
			buildConfigurations = (
				6FBC848D26C4B41800D36D8E /* Debug */,
				6FBC848E26C4B41800D36D8E /* Release */,
			);
			defaultConfigurationIsVisible = 0;
			defaultConfigurationName = Release;
		};
		6FBC848F26C4B41800D36D8E /* Build configuration list for PBXNativeTarget "swift-000-add_stuff_to_hello_worldUITests" */ = {
			isa = XCConfigurationList;
			buildConfigurations = (
				6FBC849026C4B41800D36D8E /* Debug */,
				6FBC849126C4B41800D36D8E /* Release */,
			);
			defaultConfigurationIsVisible = 0;
			defaultConfigurationName = Release;
		};
/* End XCConfigurationList section */

/* Begin XCVersionGroup section */
		6FBC846A26C4B41500D36D8E /* swift_000_add_stuff_to_hello_world.xcdatamodeld */ = {
			isa = XCVersionGroup;
			children = (
				6FBC846B26C4B41500D36D8E /* swift_000_add_stuff_to_hello_world.xcdatamodel */,
			);
			currentVersion = 6FBC846B26C4B41500D36D8E /* swift_000_add_stuff_to_hello_world.xcdatamodel */;
			path = swift_000_add_stuff_to_hello_world.xcdatamodeld;
			sourceTree = "<group>";
			versionGroupType = wrapper.xcdatamodel;
		};
/* End XCVersionGroup section */
	};
	rootObject = 6FBC845626C4B41500D36D8E /* Project object */;
}
